
Microsoft Visual Studio Solution File, Format Version 12.00
# Visual Studio Version 17
VisualStudioVersion = 17.9.34723.18
MinimumVisualStudioVersion = 10.0.40219.1
Project("{FAE04EC0-301F-11D3-BF4B-00C04F79EFBC}") = "AthleteListForFacebookPost", "AthleteListForFacebookPost\AthleteListForFacebookPost.csproj", "{1DD681E4-8735-4060-B378-D36BCFAF80AD}"
EndProject
Global
	GlobalSection(SolutionConfigurationPlatforms) = preSolution
		Debug|Any CPU = Debug|Any CPU
		Release|Any CPU = Release|Any CPU
	EndGlobalSection
	GlobalSection(ProjectConfigurationPlatforms) = postSolution
		{1DD681E4-8735-4060-B378-D36BCFAF80AD}.Debug|Any CPU.ActiveCfg = Debug|Any CPU
		{1DD681E4-8735-4060-B378-D36BCFAF80AD}.Debug|Any CPU.Build.0 = Debug|Any CPU
		{1DD681E4-8735-4060-B378-D36BCFAF80AD}.Release|Any CPU.ActiveCfg = Release|Any CPU
		{1DD681E4-8735-4060-B378-D36BCFAF80AD}.Release|Any CPU.Build.0 = Release|Any CPU
	EndGlobalSection
	GlobalSection(SolutionProperties) = preSolution
		HideSolutionNode = FALSE
	EndGlobalSection
	GlobalSection(ExtensibilityGlobals) = postSolution
		SolutionGuid = {259B75D9-840A-4C3C-AFCF-8929340FE5F8}
	EndGlobalSection
EndGlobal
